
Microsoft Visual Studio Solution File, Format Version 12.00
# Visual Studio Version 17
VisualStudioVersion = 17.8.34330.188
MinimumVisualStudioVersion = 10.0.40219.1
Project("{FAE04EC0-301F-11D3-BF4B-00C04F79EFBC}") = "Ecommerce.Web", "Ecommerce.Web\Ecommerce.Web.csproj", "{0F11BBDE-181F-4009-8222-2D852898918B}"
EndProject
Project("{FAE04EC0-301F-11D3-BF4B-00C04F79EFBC}") = "Ecommerce.DataAccess", "Ecommerce.DataAccess\Ecommerce.DataAccess.csproj", "{6C788082-F078-4A11-A098-132913A6C99A}"
EndProject
Project("{FAE04EC0-301F-11D3-BF4B-00C04F79EFBC}") = "Ecommerce.Entities", "Ecommerce.Entities\Ecommerce.Entities.csproj", "{57CD201A-5420-4551-9CEB-4B2F88682DB7}"
EndProject
Project("{FAE04EC0-301F-11D3-BF4B-00C04F79EFBC}") = "Ecommerce.Shared", "Ecommerce.Shared\Ecommerce.Shared.csproj", "{9E273F90-A103-4F31-9FB3-9D1A5A438010}"
EndProject
Global
	GlobalSection(SolutionConfigurationPlatforms) = preSolution
		Debug|Any CPU = Debug|Any CPU
		Release|Any CPU = Release|Any CPU
	EndGlobalSection
	GlobalSection(ProjectConfigurationPlatforms) = postSolution
		{0F11BBDE-181F-4009-8222-2D852898918B}.Debug|Any CPU.ActiveCfg = Debug|Any CPU
		{0F11BBDE-181F-4009-8222-2D852898918B}.Debug|Any CPU.Build.0 = Debug|Any CPU
		{0F11BBDE-181F-4009-8222-2D852898918B}.Release|Any CPU.ActiveCfg = Release|Any CPU
		{0F11BBDE-181F-4009-8222-2D852898918B}.Release|Any CPU.Build.0 = Release|Any CPU
		{6C788082-F078-4A11-A098-132913A6C99A}.Debug|Any CPU.ActiveCfg = Debug|Any CPU
		{6C788082-F078-4A11-A098-132913A6C99A}.Debug|Any CPU.Build.0 = Debug|Any CPU
		{6C788082-F078-4A11-A098-132913A6C99A}.Release|Any CPU.ActiveCfg = Release|Any CPU
		{6C788082-F078-4A11-A098-132913A6C99A}.Release|Any CPU.Build.0 = Release|Any CPU
		{57CD201A-5420-4551-9CEB-4B2F88682DB7}.Debug|Any CPU.ActiveCfg = Debug|Any CPU
		{57CD201A-5420-4551-9CEB-4B2F88682DB7}.Debug|Any CPU.Build.0 = Debug|Any CPU
		{57CD201A-5420-4551-9CEB-4B2F88682DB7}.Release|Any CPU.ActiveCfg = Release|Any CPU
		{57CD201A-5420-4551-9CEB-4B2F88682DB7}.Release|Any CPU.Build.0 = Release|Any CPU
		{9E273F90-A103-4F31-9FB3-9D1A5A438010}.Debug|Any CPU.ActiveCfg = Debug|Any CPU
		{9E273F90-A103-4F31-9FB3-9D1A5A438010}.Debug|Any CPU.Build.0 = Debug|Any CPU
		{9E273F90-A103-4F31-9FB3-9D1A5A438010}.Release|Any CPU.ActiveCfg = Release|Any CPU
		{9E273F90-A103-4F31-9FB3-9D1A5A438010}.Release|Any CPU.Build.0 = Release|Any CPU
	EndGlobalSection
	GlobalSection(SolutionProperties) = preSolution
		HideSolutionNode = FALSE
	EndGlobalSection
	GlobalSection(ExtensibilityGlobals) = postSolution
		SolutionGuid = {D0F2E9D1-EB89-4E40-8853-52F75C256009}
	EndGlobalSection
EndGlobal
